PODS:
  - Reusable (4.1.0):
    - Reusable/Storyboard (= 4.1.0)
    - Reusable/View (= 4.1.0)
  - Reusable/Storyboard (4.1.0)
  - Reusable/View (4.1.0)
  - SwiftGen (5.3.0)
  - SwiftLint (0.27.0)

DEPENDENCIES:
  - Reusable
  - SwiftGen
  - SwiftLint

SPEC REPOS:
  https://github.com/CocoaPods/Specs.git:
    - SwiftGen
    - SwiftLint
  trunk:
    - Reusable

SPEC CHECKSUMS:
  Reusable: 82be188f29d96dc5eff0db7b2393bcc08d2cdd5b
  SwiftGen: 4379bd3640b0a212a0f6ea3c494adba385513d10
  SwiftLint: 3207c1faa2240bf8973b191820a116113cd11073

PODFILE CHECKSUM: 930bca0b8312b6b94706a3a1a7f60606829e8c49

COCOAPODS: 1.8.4
