// !$*UTF8*$!
{
	archiveVersion = 1;
	classes = {
	};
	objectVersion = 50;
	objects = {

/* Begin PBXBuildFile section */
		37EF96B82131A8320029B66E /* AppDelegate.swift in Sources */ = {isa = PBXBuildFile; fileRef = 37EF96B72131A8320029B66E /* AppDelegate.swift */; };
		37EF96BA2131A8320029B66E /* ShopsListViewController.swift in Sources */ = {isa = PBXBuildFile; fileRef = 37EF96B92131A8320029B66E /* ShopsListViewController.swift */; };
		37EF96BC2131A8320029B66E /* TimeTableViewController.swift in Sources */ = {isa = PBXBuildFile; fileRef = 37EF96BB2131A8320029B66E /* TimeTableViewController.swift */; };
		37EF96BF2131A8320029B66E /* Main.storyboard in Resources */ = {isa = PBXBuildFile; fileRef = 37EF96BD2131A8320029B66E /* Main.storyboard */; };
		37EF96C12131A8340029B66E /* Assets.xcassets in Resources */ = {isa = PBXBuildFile; fileRef = 37EF96C02131A8340029B66E /* Assets.xcassets */; };
		37EF96C42131A8340029B66E /* LaunchScreen.storyboard in Resources */ = {isa = PBXBuildFile; fileRef = 37EF96C22131A8340029B66E /* LaunchScreen.storyboard */; };
		37EF96CD2131A8A80029B66E /* TimeRange.swift in Sources */ = {isa = PBXBuildFile; fileRef = 37EF96CC2131A8A80029B66E /* TimeRange.swift */; };
		37EF96CF2131B1160029B66E /* Time.swift in Sources */ = {isa = PBXBuildFile; fileRef = 37EF96CE2131B1160029B66E /* Time.swift */; };
		37EF96D12131B1290029B66E /* Weekday.swift in Sources */ = {isa = PBXBuildFile; fileRef = 37EF96D02131B1290029B66E /* Weekday.swift */; };
		37EF96D32131B13F0029B66E /* Shop.swift in Sources */ = {isa = PBXBuildFile; fileRef = 37EF96D22131B13F0029B66E /* Shop.swift */; };
		37EF96D62131B9280029B66E /* WeekdayView.swift in Sources */ = {isa = PBXBuildFile; fileRef = 37EF96D52131B9280029B66E /* WeekdayView.swift */; };
		37EF96D82131BE9E0029B66E /* ViewStyle.swift in Sources */ = {isa = PBXBuildFile; fileRef = 37EF96D72131BE9E0029B66E /* ViewStyle.swift */; };
		37EF96DB2131C1160029B66E /* Prefs.swift in Sources */ = {isa = PBXBuildFile; fileRef = 37EF96DA2131C1160029B66E /* Prefs.swift */; };
		37EF96DD2131D1640029B66E /* ShopCell.swift in Sources */ = {isa = PBXBuildFile; fileRef = 37EF96DC2131D1640029B66E /* ShopCell.swift */; };
		37EF96E62131ED410029B66E /* Images+Generated.swift in Sources */ = {isa = PBXBuildFile; fileRef = 37EF96E42131ED400029B66E /* Images+Generated.swift */; };
		37EF96E72131ED410029B66E /* Storyboards+Generated.swift in Sources */ = {isa = PBXBuildFile; fileRef = 37EF96E52131ED410029B66E /* Storyboards+Generated.swift */; };
		37EF96EB2131EFF70029B66E /* Strings+Generated.swift in Sources */ = {isa = PBXBuildFile; fileRef = 37EF96EA2131EFF70029B66E /* Strings+Generated.swift */; };
		37EF96ED21320ADB0029B66E /* ShopDetailsContainerViewController.swift in Sources */ = {isa = PBXBuildFile; fileRef = 37EF96EC21320ADB0029B66E /* ShopDetailsContainerViewController.swift */; };
		37EF96F0213255920029B66E /* SlotView.swift in Sources */ = {isa = PBXBuildFile; fileRef = 37EF96EF213255920029B66E /* SlotView.swift */; };
		37EF96F221325C7D0029B66E /* Clock.swift in Sources */ = {isa = PBXBuildFile; fileRef = 37EF96F121325C7D0029B66E /* Clock.swift */; };
		37EF96F4213548A10029B66E /* Settings.bundle in Resources */ = {isa = PBXBuildFile; fileRef = 37EF96F3213548A10029B66E /* Settings.bundle */; };
		37EF96F9213580A90029B66E /* TimeRowCell.swift in Sources */ = {isa = PBXBuildFile; fileRef = 37EF96F8213580A90029B66E /* TimeRowCell.swift */; };
		37EF96FB2135811F0029B66E /* TimeListViewController.swift in Sources */ = {isa = PBXBuildFile; fileRef = 37EF96FA2135811F0029B66E /* TimeListViewController.swift */; };
		37EF96FD213583FF0029B66E /* TimeClosedCell.swift in Sources */ = {isa = PBXBuildFile; fileRef = 37EF96FC213583FF0029B66E /* TimeClosedCell.swift */; };
		37EF9700213749FC0029B66E /* NewTimeRangeViewController.swift in Sources */ = {isa = PBXBuildFile; fileRef = 37EF96FF213749FC0029B66E /* NewTimeRangeViewController.swift */; };
		37EF970221375D020029B66E /* ShopDetailsUI.swift in Sources */ = {isa = PBXBuildFile; fileRef = 37EF970121375D020029B66E /* ShopDetailsUI.swift */; };
		37EF970321376A7D0029B66E /* Localizable.strings in Resources */ = {isa = PBXBuildFile; fileRef = 37EF970521376A7D0029B66E /* Localizable.strings */; };
		6610E071491F12550A98788D /* Pods_OpeningHours.framework in Frameworks */ = {isa = PBXBuildFile; fileRef = 13558D62EB517CAE5058C36D /* Pods_OpeningHours.framework */; };
/* End PBXBuildFile section */

/* Begin PBXFileReference section */
		11655B89818BC0AB4E36717F /* Pods-OpeningHours.release.xcconfig */ = {isa = PBXFileReference; includeInIndex = 1; lastKnownFileType = text.xcconfig; name = "Pods-OpeningHours.release.xcconfig"; path = "Pods/Target Support Files/Pods-OpeningHours/Pods-OpeningHours.release.xcconfig"; sourceTree = "<group>"; };
		13558D62EB517CAE5058C36D /* Pods_OpeningHours.framework */ = {isa = PBXFileReference; explicitFileType = wrapper.framework; includeInIndex = 0; path = Pods_OpeningHours.framework; sourceTree = BUILT_PRODUCTS_DIR; };
		37EF96B42131A8320029B66E /* OpeningHours.app */ = {isa = PBXFileReference; explicitFileType = wrapper.application; includeInIndex = 0; path = OpeningHours.app; sourceTree = BUILT_PRODUCTS_DIR; };
		37EF96B72131A8320029B66E /* AppDelegate.swift */ = {isa = PBXFileReference; lastKnownFileType = sourcecode.swift; path = AppDelegate.swift; sourceTree = "<group>"; };
		37EF96B92131A8320029B66E /* ShopsListViewController.swift */ = {isa = PBXFileReference; lastKnownFileType = sourcecode.swift; path = ShopsListViewController.swift; sourceTree = "<group>"; };
		37EF96BB2131A8320029B66E /* TimeTableViewController.swift */ = {isa = PBXFileReference; lastKnownFileType = sourcecode.swift; path = TimeTableViewController.swift; sourceTree = "<group>"; };
		37EF96BE2131A8320029B66E /* Base */ = {isa = PBXFileReference; lastKnownFileType = file.storyboard; name = Base; path = Base.lproj/Main.storyboard; sourceTree = "<group>"; };
		37EF96C02131A8340029B66E /* Assets.xcassets */ = {isa = PBXFileReference; lastKnownFileType = folder.assetcatalog; path = Assets.xcassets; sourceTree = "<group>"; };
		37EF96C32131A8340029B66E /* Base */ = {isa = PBXFileReference; lastKnownFileType = file.storyboard; name = Base; path = Base.lproj/LaunchScreen.storyboard; sourceTree = "<group>"; };
		37EF96C52131A8340029B66E /* Info.plist */ = {isa = PBXFileReference; lastKnownFileType = text.plist.xml; path = Info.plist; sourceTree = "<group>"; };
		37EF96CC2131A8A80029B66E /* TimeRange.swift */ = {isa = PBXFileReference; lastKnownFileType = sourcecode.swift; path = TimeRange.swift; sourceTree = "<group>"; };
		37EF96CE2131B1160029B66E /* Time.swift */ = {isa = PBXFileReference; lastKnownFileType = sourcecode.swift; path = Time.swift; sourceTree = "<group>"; };
		37EF96D02131B1290029B66E /* Weekday.swift */ = {isa = PBXFileReference; lastKnownFileType = sourcecode.swift; path = Weekday.swift; sourceTree = "<group>"; };
		37EF96D22131B13F0029B66E /* Shop.swift */ = {isa = PBXFileReference; lastKnownFileType = sourcecode.swift; path = Shop.swift; sourceTree = "<group>"; };
		37EF96D52131B9280029B66E /* WeekdayView.swift */ = {isa = PBXFileReference; lastKnownFileType = sourcecode.swift; path = WeekdayView.swift; sourceTree = "<group>"; };
		37EF96D72131BE9E0029B66E /* ViewStyle.swift */ = {isa = PBXFileReference; lastKnownFileType = sourcecode.swift; path = ViewStyle.swift; sourceTree = "<group>"; };
		37EF96DA2131C1160029B66E /* Prefs.swift */ = {isa = PBXFileReference; lastKnownFileType = sourcecode.swift; path = Prefs.swift; sourceTree = "<group>"; };
		37EF96DC2131D1640029B66E /* ShopCell.swift */ = {isa = PBXFileReference; lastKnownFileType = sourcecode.swift; path = ShopCell.swift; sourceTree = "<group>"; };
		37EF96E42131ED400029B66E /* Images+Generated.swift */ = {isa = PBXFileReference; fileEncoding = 4; lastKnownFileType = sourcecode.swift; path = "Images+Generated.swift"; sourceTree = "<group>"; };
		37EF96E52131ED410029B66E /* Storyboards+Generated.swift */ = {isa = PBXFileReference; fileEncoding = 4; lastKnownFileType = sourcecode.swift; path = "Storyboards+Generated.swift"; sourceTree = "<group>"; };
		37EF96EA2131EFF70029B66E /* Strings+Generated.swift */ = {isa = PBXFileReference; fileEncoding = 4; lastKnownFileType = sourcecode.swift; path = "Strings+Generated.swift"; sourceTree = "<group>"; };
		37EF96EC21320ADB0029B66E /* ShopDetailsContainerViewController.swift */ = {isa = PBXFileReference; lastKnownFileType = sourcecode.swift; path = ShopDetailsContainerViewController.swift; sourceTree = "<group>"; };
		37EF96EF213255920029B66E /* SlotView.swift */ = {isa = PBXFileReference; lastKnownFileType = sourcecode.swift; path = SlotView.swift; sourceTree = "<group>"; };
		37EF96F121325C7D0029B66E /* Clock.swift */ = {isa = PBXFileReference; lastKnownFileType = sourcecode.swift; path = Clock.swift; sourceTree = "<group>"; };
		37EF96F3213548A10029B66E /* Settings.bundle */ = {isa = PBXFileReference; lastKnownFileType = "wrapper.plug-in"; path = Settings.bundle; sourceTree = "<group>"; };
		37EF96F8213580A90029B66E /* TimeRowCell.swift */ = {isa = PBXFileReference; lastKnownFileType = sourcecode.swift; path = TimeRowCell.swift; sourceTree = "<group>"; };
		37EF96FA2135811F0029B66E /* TimeListViewController.swift */ = {isa = PBXFileReference; lastKnownFileType = sourcecode.swift; path = TimeListViewController.swift; sourceTree = "<group>"; };
		37EF96FC213583FF0029B66E /* TimeClosedCell.swift */ = {isa = PBXFileReference; lastKnownFileType = sourcecode.swift; path = TimeClosedCell.swift; sourceTree = "<group>"; };
		37EF96FF213749FC0029B66E /* NewTimeRangeViewController.swift */ = {isa = PBXFileReference; lastKnownFileType = sourcecode.swift; path = NewTimeRangeViewController.swift; sourceTree = "<group>"; };
		37EF970121375D020029B66E /* ShopDetailsUI.swift */ = {isa = PBXFileReference; lastKnownFileType = sourcecode.swift; path = ShopDetailsUI.swift; sourceTree = "<group>"; };
		37EF970421376A7D0029B66E /* en */ = {isa = PBXFileReference; lastKnownFileType = text.plist.strings; name = en; path = en.lproj/Localizable.strings; sourceTree = "<group>"; };
		37EF970621376ACF0029B66E /* fr */ = {isa = PBXFileReference; lastKnownFileType = text.plist.strings; name = fr; path = fr.lproj/Localizable.strings; sourceTree = "<group>"; };
		DD2C403D2BD1C351FC94FE26 /* Pods-OpeningHours.debug.xcconfig */ = {isa = PBXFileReference; includeInIndex = 1; lastKnownFileType = text.xcconfig; name = "Pods-OpeningHours.debug.xcconfig"; path = "Pods/Target Support Files/Pods-OpeningHours/Pods-OpeningHours.debug.xcconfig"; sourceTree = "<group>"; };
/* End PBXFileReference section */

/* Begin PBXFrameworksBuildPhase section */
		37EF96B12131A8320029B66E /* Frameworks */ = {
			isa = PBXFrameworksBuildPhase;
			buildActionMask = 2147483647;
			files = (
				6610E071491F12550A98788D /* Pods_OpeningHours.framework in Frameworks */,
			);
			runOnlyForDeploymentPostprocessing = 0;
		};
/* End PBXFrameworksBuildPhase section */

/* Begin PBXGroup section */
		37EF96AB2131A8320029B66E = {
			isa = PBXGroup;
			children = (
				37EF96B62131A8320029B66E /* OpeningHours */,
				37EF96B52131A8320029B66E /* Products */,
				E6794BBE290EB210E6F7D9EA /* Pods */,
				D3EABCBD25D44B0168588162 /* Frameworks */,
			);
			sourceTree = "<group>";
		};
		37EF96B52131A8320029B66E /* Products */ = {
			isa = PBXGroup;
			children = (
				37EF96B42131A8320029B66E /* OpeningHours.app */,
			);
			name = Products;
			sourceTree = "<group>";
		};
		37EF96B62131A8320029B66E /* OpeningHours */ = {
			isa = PBXGroup;
			children = (
				37EF96B72131A8320029B66E /* AppDelegate.swift */,
				37EF96BD2131A8320029B66E /* Main.storyboard */,
				37EF96E32131D8880029B66E /* Constants */,
				37EF96CB2131A8920029B66E /* Models */,
				37EF96D42131B8BF0029B66E /* Common */,
				37EF96E02131D7F10029B66E /* ViewControllers */,
				37EF96D92131BF550029B66E /* Resources */,
			);
			path = OpeningHours;
			sourceTree = "<group>";
		};
		37EF96CB2131A8920029B66E /* Models */ = {
			isa = PBXGroup;
			children = (
				37EF96CE2131B1160029B66E /* Time.swift */,
				37EF96CC2131A8A80029B66E /* TimeRange.swift */,
				37EF96D02131B1290029B66E /* Weekday.swift */,
				37EF96D22131B13F0029B66E /* Shop.swift */,
			);
			path = Models;
			sourceTree = "<group>";
		};
		37EF96D42131B8BF0029B66E /* Common */ = {
			isa = PBXGroup;
			children = (
				37EF96DA2131C1160029B66E /* Prefs.swift */,
				37EF96F121325C7D0029B66E /* Clock.swift */,
				37EF96D72131BE9E0029B66E /* ViewStyle.swift */,
				37EF970121375D020029B66E /* ShopDetailsUI.swift */,
			);
			path = Common;
			sourceTree = "<group>";
		};
		37EF96D92131BF550029B66E /* Resources */ = {
			isa = PBXGroup;
			children = (
				37EF96C02131A8340029B66E /* Assets.xcassets */,
				37EF96C22131A8340029B66E /* LaunchScreen.storyboard */,
				37EF96C52131A8340029B66E /* Info.plist */,
				37EF970521376A7D0029B66E /* Localizable.strings */,
				37EF96F3213548A10029B66E /* Settings.bundle */,
			);
			path = Resources;
			sourceTree = "<group>";
		};
		37EF96DE2131D2300029B66E /* ShopsList */ = {
			isa = PBXGroup;
			children = (
				37EF96B92131A8320029B66E /* ShopsListViewController.swift */,
				37EF96DC2131D1640029B66E /* ShopCell.swift */,
			);
			path = ShopsList;
			sourceTree = "<group>";
		};
		37EF96DF2131D2790029B66E /* TimeTable */ = {
			isa = PBXGroup;
			children = (
				37EF96BB2131A8320029B66E /* TimeTableViewController.swift */,
				37EF96EF213255920029B66E /* SlotView.swift */,
				37EF96D52131B9280029B66E /* WeekdayView.swift */,
			);
			path = TimeTable;
			sourceTree = "<group>";
		};
		37EF96E02131D7F10029B66E /* ViewControllers */ = {
			isa = PBXGroup;
			children = (
				37EF96DE2131D2300029B66E /* ShopsList */,
				37EF96EE21324E950029B66E /* ShopDetailsContainer */,
				37EF96DF2131D2790029B66E /* TimeTable */,
				37EF96F721357E930029B66E /* TimeList */,
				37EF96FE213749D30029B66E /* NewTimeRange */,
			);
			path = ViewControllers;
			sourceTree = "<group>";
		};
		37EF96E32131D8880029B66E /* Constants */ = {
			isa = PBXGroup;
			children = (
				37EF96E42131ED400029B66E /* Images+Generated.swift */,
				37EF96E52131ED410029B66E /* Storyboards+Generated.swift */,
				37EF96EA2131EFF70029B66E /* Strings+Generated.swift */,
			);
			path = Constants;
			sourceTree = "<group>";
		};
		37EF96EE21324E950029B66E /* ShopDetailsContainer */ = {
			isa = PBXGroup;
			children = (
				37EF96EC21320ADB0029B66E /* ShopDetailsContainerViewController.swift */,
			);
			path = ShopDetailsContainer;
			sourceTree = "<group>";
		};
		37EF96F721357E930029B66E /* TimeList */ = {
			isa = PBXGroup;
			children = (
				37EF96FA2135811F0029B66E /* TimeListViewController.swift */,
				37EF96F8213580A90029B66E /* TimeRowCell.swift */,
				37EF96FC213583FF0029B66E /* TimeClosedCell.swift */,
			);
			path = TimeList;
			sourceTree = "<group>";
		};
		37EF96FE213749D30029B66E /* NewTimeRange */ = {
			isa = PBXGroup;
			children = (
				37EF96FF213749FC0029B66E /* NewTimeRangeViewController.swift */,
			);
			path = NewTimeRange;
			sourceTree = "<group>";
		};
		D3EABCBD25D44B0168588162 /* Frameworks */ = {
			isa = PBXGroup;
			children = (
				13558D62EB517CAE5058C36D /* Pods_OpeningHours.framework */,
			);
			name = Frameworks;
			sourceTree = "<group>";
		};
		E6794BBE290EB210E6F7D9EA /* Pods */ = {
			isa = PBXGroup;
			children = (
				DD2C403D2BD1C351FC94FE26 /* Pods-OpeningHours.debug.xcconfig */,
				11655B89818BC0AB4E36717F /* Pods-OpeningHours.release.xcconfig */,
			);
			name = Pods;
			sourceTree = "<group>";
		};
/* End PBXGroup section */

/* Begin PBXNativeTarget section */
		37EF96B32131A8320029B66E /* OpeningHours */ = {
			isa = PBXNativeTarget;
			buildConfigurationList = 37EF96C82131A8340029B66E /* Build configuration list for PBXNativeTarget "OpeningHours" */;
			buildPhases = (
				4A48A448588E565E09149133 /* [CP] Check Pods Manifest.lock */,
				37EF96E12131D8110029B66E /* ⚠️ SwiftLint */,
				37EF96E22131D83D0029B66E /* ⚠️ SwiftGen */,
				37EF96B02131A8320029B66E /* Sources */,
				37EF96B12131A8320029B66E /* Frameworks */,
				37EF96B22131A8320029B66E /* Resources */,
				6D7502B74D017A0A2D0B2D99 /* [CP] Embed Pods Frameworks */,
			);
			buildRules = (
			);
			dependencies = (
			);
			name = OpeningHours;
			productName = OpeningHours;
			productReference = 37EF96B42131A8320029B66E /* OpeningHours.app */;
			productType = "com.apple.product-type.application";
		};
/* End PBXNativeTarget section */

/* Begin PBXProject section */
		37EF96AC2131A8320029B66E /* Project object */ = {
			isa = PBXProject;
			attributes = {
				LastSwiftUpdateCheck = 1000;
				LastUpgradeCheck = 1000;
				ORGANIZATIONNAME = AliSoftware;
				TargetAttributes = {
					37EF96B32131A8320029B66E = {
						CreatedOnToolsVersion = 10.0;
					};
				};
			};
			buildConfigurationList = 37EF96AF2131A8320029B66E /* Build configuration list for PBXProject "OpeningHours" */;
			compatibilityVersion = "Xcode 9.3";
			developmentRegion = en;
			hasScannedForEncodings = 0;
			knownRegions = (
				en,
				Base,
				fr,
			);
			mainGroup = 37EF96AB2131A8320029B66E;
			productRefGroup = 37EF96B52131A8320029B66E /* Products */;
			projectDirPath = "";
			projectRoot = "";
			targets = (
				37EF96B32131A8320029B66E /* OpeningHours */,
			);
		};
/* End PBXProject section */

/* Begin PBXResourcesBuildPhase section */
		37EF96B22131A8320029B66E /* Resources */ = {
			isa = PBXResourcesBuildPhase;
			buildActionMask = 2147483647;
			files = (
				37EF96C42131A8340029B66E /* LaunchScreen.storyboard in Resources */,
				37EF970321376A7D0029B66E /* Localizable.strings in Resources */,
				37EF96F4213548A10029B66E /* Settings.bundle in Resources */,
				37EF96C12131A8340029B66E /* Assets.xcassets in Resources */,
				37EF96BF2131A8320029B66E /* Main.storyboard in Resources */,
			);
			runOnlyForDeploymentPostprocessing = 0;
		};
/* End PBXResourcesBuildPhase section */

/* Begin PBXShellScriptBuildPhase section */
		37EF96E12131D8110029B66E /* ⚠️ SwiftLint */ = {
			isa = PBXShellScriptBuildPhase;
			buildActionMask = 2147483647;
			files = (
			);
			inputFileListPaths = (
			);
			inputPaths = (
			);
			name = "⚠️ SwiftLint";
			outputFileListPaths = (
			);
			outputPaths = (
			);
			runOnlyForDeploymentPostprocessing = 0;
			shellPath = /bin/sh;
			shellScript = "${PODS_ROOT}/SwiftLint/swiftlint\n";
			showEnvVarsInLog = 0;
		};
		37EF96E22131D83D0029B66E /* ⚠️ SwiftGen */ = {
			isa = PBXShellScriptBuildPhase;
			buildActionMask = 2147483647;
			files = (
			);
			inputFileListPaths = (
			);
			inputPaths = (
			);
			name = "⚠️ SwiftGen";
			outputFileListPaths = (
			);
			outputPaths = (
			);
			runOnlyForDeploymentPostprocessing = 0;
			shellPath = /bin/sh;
			shellScript = "${PODS_ROOT}/SwiftGen/bin/swiftgen\n";
			showEnvVarsInLog = 0;
		};
		4A48A448588E565E09149133 /* [CP] Check Pods Manifest.lock */ = {
			isa = PBXShellScriptBuildPhase;
			buildActionMask = 2147483647;
			files = (
			);
			inputPaths = (
				"${PODS_PODFILE_DIR_PATH}/Podfile.lock",
				"${PODS_ROOT}/Manifest.lock",
			);
			name = "[CP] Check Pods Manifest.lock";
			outputPaths = (
				"$(DERIVED_FILE_DIR)/Pods-OpeningHours-checkManifestLockResult.txt",
			);
			runOnlyForDeploymentPostprocessing = 0;
			shellPath = /bin/sh;
			shellScript = "diff \"${PODS_PODFILE_DIR_PATH}/Podfile.lock\" \"${PODS_ROOT}/Manifest.lock\" > /dev/null\nif [ $? != 0 ] ; then\n    # print error to STDERR\n    echo \"error: The sandbox is not in sync with the Podfile.lock. Run 'pod install' or update your CocoaPods installation.\" >&2\n    exit 1\nfi\n# This output is used by Xcode 'outputs' to avoid re-running this script phase.\necho \"SUCCESS\" > \"${SCRIPT_OUTPUT_FILE_0}\"\n";
			showEnvVarsInLog = 0;
		};
		6D7502B74D017A0A2D0B2D99 /* [CP] Embed Pods Frameworks */ = {
			isa = PBXShellScriptBuildPhase;
			buildActionMask = 2147483647;
			files = (
			);
			inputPaths = (
				"${SRCROOT}/Pods/Target Support Files/Pods-OpeningHours/Pods-OpeningHours-frameworks.sh",
				"${BUILT_PRODUCTS_DIR}/Reusable/Reusable.framework",
			);
			name = "[CP] Embed Pods Frameworks";
			outputPaths = (
				"${TARGET_BUILD_DIR}/${FRAMEWORKS_FOLDER_PATH}/Reusable.framework",
			);
			runOnlyForDeploymentPostprocessing = 0;
			shellPath = /bin/sh;
			shellScript = "\"${SRCROOT}/Pods/Target Support Files/Pods-OpeningHours/Pods-OpeningHours-frameworks.sh\"\n";
			showEnvVarsInLog = 0;
		};
/* End PBXShellScriptBuildPhase section */

/* Begin PBXSourcesBuildPhase section */
		37EF96B02131A8320029B66E /* Sources */ = {
			isa = PBXSourcesBuildPhase;
			buildActionMask = 2147483647;
			files = (
				37EF96D82131BE9E0029B66E /* ViewStyle.swift in Sources */,
				37EF96BC2131A8320029B66E /* TimeTableViewController.swift in Sources */,
				37EF96D62131B9280029B66E /* WeekdayView.swift in Sources */,
				37EF96B82131A8320029B66E /* AppDelegate.swift in Sources */,
				37EF96FD213583FF0029B66E /* TimeClosedCell.swift in Sources */,
				37EF96EB2131EFF70029B66E /* Strings+Generated.swift in Sources */,
				37EF96D32131B13F0029B66E /* Shop.swift in Sources */,
				37EF96F221325C7D0029B66E /* Clock.swift in Sources */,
				37EF96FB2135811F0029B66E /* TimeListViewController.swift in Sources */,
				37EF96F0213255920029B66E /* SlotView.swift in Sources */,
				37EF96DB2131C1160029B66E /* Prefs.swift in Sources */,
				37EF96D12131B1290029B66E /* Weekday.swift in Sources */,
				37EF96DD2131D1640029B66E /* ShopCell.swift in Sources */,
				37EF96F9213580A90029B66E /* TimeRowCell.swift in Sources */,
				37EF96E72131ED410029B66E /* Storyboards+Generated.swift in Sources */,
				37EF9700213749FC0029B66E /* NewTimeRangeViewController.swift in Sources */,
				37EF96CF2131B1160029B66E /* Time.swift in Sources */,
				37EF96E62131ED410029B66E /* Images+Generated.swift in Sources */,
				37EF96CD2131A8A80029B66E /* TimeRange.swift in Sources */,
				37EF96ED21320ADB0029B66E /* ShopDetailsContainerViewController.swift in Sources */,
				37EF970221375D020029B66E /* ShopDetailsUI.swift in Sources */,
				37EF96BA2131A8320029B66E /* ShopsListViewController.swift in Sources */,
			);
			runOnlyForDeploymentPostprocessing = 0;
		};
/* End PBXSourcesBuildPhase section */

/* Begin PBXVariantGroup section */
		37EF96BD2131A8320029B66E /* Main.storyboard */ = {
			isa = PBXVariantGroup;
			children = (
				37EF96BE2131A8320029B66E /* Base */,
			);
			name = Main.storyboard;
			sourceTree = "<group>";
		};
		37EF96C22131A8340029B66E /* LaunchScreen.storyboard */ = {
			isa = PBXVariantGroup;
			children = (
				37EF96C32131A8340029B66E /* Base */,
			);
			name = LaunchScreen.storyboard;
			sourceTree = "<group>";
		};
		37EF970521376A7D0029B66E /* Localizable.strings */ = {
			isa = PBXVariantGroup;
			children = (
				37EF970421376A7D0029B66E /* en */,
				37EF970621376ACF0029B66E /* fr */,
			);
			name = Localizable.strings;
			sourceTree = "<group>";
		};
/* End PBXVariantGroup section */

/* Begin XCBuildConfiguration section */
		37EF96C62131A8340029B66E /* Debug */ = {
			isa = XCBuildConfiguration;
			buildSettings = {
				ALWAYS_SEARCH_USER_PATHS = NO;
				CLANG_ANALYZER_GCD_PERFORMANCE = YES;
				CLANG_ANALYZER_LOCALIZABILITY_NONLOCALIZED = YES;
				CLANG_ANALYZER_NONNULL = YES;
				CLANG_ANALYZER_NUMBER_OBJECT_CONVERSION = YES_AGGRESSIVE;
				CLANG_CXX_LANGUAGE_STANDARD = "gnu++14";
				CLANG_CXX_LIBRARY = "libc++";
				CLANG_ENABLE_MODULES = YES;
				CLANG_ENABLE_OBJC_ARC = YES;
				CLANG_ENABLE_OBJC_WEAK = YES;
				CLANG_WARN_BLOCK_CAPTURE_AUTORELEASING = YES;
				CLANG_WARN_BOOL_CONVERSION = YES;
				CLANG_WARN_COMMA = YES;
				CLANG_WARN_CONSTANT_CONVERSION = YES;
				CLANG_WARN_DEPRECATED_OBJC_IMPLEMENTATIONS = YES;
				CLANG_WARN_DIRECT_OBJC_ISA_USAGE = YES_ERROR;
				CLANG_WARN_DOCUMENTATION_COMMENTS = YES;
				CLANG_WARN_EMPTY_BODY = YES;
				CLANG_WARN_ENUM_CONVERSION = YES;
				CLANG_WARN_INFINITE_RECURSION = YES;
				CLANG_WARN_INT_CONVERSION = YES;
				CLANG_WARN_NON_LITERAL_NULL_CONVERSION = YES;
				CLANG_WARN_OBJC_IMPLICIT_RETAIN_SELF = YES;
				CLANG_WARN_OBJC_LITERAL_CONVERSION = YES;
				CLANG_WARN_OBJC_ROOT_CLASS = YES_ERROR;
				CLANG_WARN_RANGE_LOOP_ANALYSIS = YES;
				CLANG_WARN_STRICT_PROTOTYPES = YES;
				CLANG_WARN_SUSPICIOUS_MOVE = YES;
				CLANG_WARN_UNGUARDED_AVAILABILITY = YES_AGGRESSIVE;
				CLANG_WARN_UNREACHABLE_CODE = YES;
				CLANG_WARN__DUPLICATE_METHOD_MATCH = YES;
				CODE_SIGN_IDENTITY = "iPhone Developer";
				COPY_PHASE_STRIP = NO;
				DEBUG_INFORMATION_FORMAT = dwarf;
				ENABLE_STRICT_OBJC_MSGSEND = YES;
				ENABLE_TESTABILITY = YES;
				GCC_C_LANGUAGE_STANDARD = gnu11;
				GCC_DYNAMIC_NO_PIC = NO;
				GCC_NO_COMMON_BLOCKS = YES;
				GCC_OPTIMIZATION_LEVEL = 0;
				GCC_PREPROCESSOR_DEFINITIONS = (
					"DEBUG=1",
					"$(inherited)",
				);
				GCC_WARN_64_TO_32_BIT_CONVERSION = YES;
				GCC_WARN_ABOUT_RETURN_TYPE = YES_ERROR;
				GCC_WARN_UNDECLARED_SELECTOR = YES;
				GCC_WARN_UNINITIALIZED_AUTOS = YES_AGGRESSIVE;
				GCC_WARN_UNUSED_FUNCTION = YES;
				GCC_WARN_UNUSED_VARIABLE = YES;
				IPHONEOS_DEPLOYMENT_TARGET = 12.0;
				MTL_ENABLE_DEBUG_INFO = INCLUDE_SOURCE;
				ONLY_ACTIVE_ARCH = YES;
				SDKROOT = iphoneos;
				SWIFT_ACTIVE_COMPILATION_CONDITIONS = DEBUG;
				SWIFT_OPTIMIZATION_LEVEL = "-Onone";
			};
			name = Debug;
		};
		37EF96C72131A8340029B66E /* Release */ = {
			isa = XCBuildConfiguration;
			buildSettings = {
				ALWAYS_SEARCH_USER_PATHS = NO;
				CLANG_ANALYZER_GCD_PERFORMANCE = YES;
				CLANG_ANALYZER_LOCALIZABILITY_NONLOCALIZED = YES;
				CLANG_ANALYZER_NONNULL = YES;
				CLANG_ANALYZER_NUMBER_OBJECT_CONVERSION = YES_AGGRESSIVE;
				CLANG_CXX_LANGUAGE_STANDARD = "gnu++14";
				CLANG_CXX_LIBRARY = "libc++";
				CLANG_ENABLE_MODULES = YES;
				CLANG_ENABLE_OBJC_ARC = YES;
				CLANG_ENABLE_OBJC_WEAK = YES;
				CLANG_WARN_BLOCK_CAPTURE_AUTORELEASING = YES;
				CLANG_WARN_BOOL_CONVERSION = YES;
				CLANG_WARN_COMMA = YES;
				CLANG_WARN_CONSTANT_CONVERSION = YES;
				CLANG_WARN_DEPRECATED_OBJC_IMPLEMENTATIONS = YES;
				CLANG_WARN_DIRECT_OBJC_ISA_USAGE = YES_ERROR;
				CLANG_WARN_DOCUMENTATION_COMMENTS = YES;
				CLANG_WARN_EMPTY_BODY = YES;
				CLANG_WARN_ENUM_CONVERSION = YES;
				CLANG_WARN_INFINITE_RECURSION = YES;
				CLANG_WARN_INT_CONVERSION = YES;
				CLANG_WARN_NON_LITERAL_NULL_CONVERSION = YES;
				CLANG_WARN_OBJC_IMPLICIT_RETAIN_SELF = YES;
				CLANG_WARN_OBJC_LITERAL_CONVERSION = YES;
				CLANG_WARN_OBJC_ROOT_CLASS = YES_ERROR;
				CLANG_WARN_RANGE_LOOP_ANALYSIS = YES;
				CLANG_WARN_STRICT_PROTOTYPES = YES;
				CLANG_WARN_SUSPICIOUS_MOVE = YES;
				CLANG_WARN_UNGUARDED_AVAILABILITY = YES_AGGRESSIVE;
				CLANG_WARN_UNREACHABLE_CODE = YES;
				CLANG_WARN__DUPLICATE_METHOD_MATCH = YES;
				CODE_SIGN_IDENTITY = "iPhone Developer";
				COPY_PHASE_STRIP = NO;
				DEBUG_INFORMATION_FORMAT = "dwarf-with-dsym";
				ENABLE_NS_ASSERTIONS = NO;
				ENABLE_STRICT_OBJC_MSGSEND = YES;
				GCC_C_LANGUAGE_STANDARD = gnu11;
				GCC_NO_COMMON_BLOCKS = YES;
				GCC_WARN_64_TO_32_BIT_CONVERSION = YES;
				GCC_WARN_ABOUT_RETURN_TYPE = YES_ERROR;
				GCC_WARN_UNDECLARED_SELECTOR = YES;
				GCC_WARN_UNINITIALIZED_AUTOS = YES_AGGRESSIVE;
				GCC_WARN_UNUSED_FUNCTION = YES;
				GCC_WARN_UNUSED_VARIABLE = YES;
				IPHONEOS_DEPLOYMENT_TARGET = 12.0;
				MTL_ENABLE_DEBUG_INFO = NO;
				SDKROOT = iphoneos;
				SWIFT_COMPILATION_MODE = wholemodule;
				SWIFT_OPTIMIZATION_LEVEL = "-O";
				VALIDATE_PRODUCT = YES;
			};
			name = Release;
		};
		37EF96C92131A8340029B66E /* Debug */ = {
			isa = XCBuildConfiguration;
			baseConfigurationReference = DD2C403D2BD1C351FC94FE26 /* Pods-OpeningHours.debug.xcconfig */;
			buildSettings = {
				ASSETCATALOG_COMPILER_APPICON_NAME = AppIcon;
				CODE_SIGN_IDENTITY = "iPhone Developer";
				CODE_SIGN_STYLE = Automatic;
				DEVELOPMENT_TEAM = YC775YC6LJ;
				INFOPLIST_FILE = OpeningHours/Resources/Info.plist;
				LD_RUNPATH_SEARCH_PATHS = (
					"$(inherited)",
					"@executable_path/Frameworks",
				);
				PRODUCT_BUNDLE_IDENTIFIER = com.alisoftware.openinghours.OpeningHours;
				PRODUCT_NAME = "$(TARGET_NAME)";
				PROVISIONING_PROFILE_SPECIFIER = "";
				SWIFT_VERSION = 4.2;
				TARGETED_DEVICE_FAMILY = "1,2";
			};
			name = Debug;
		};
		37EF96CA2131A8340029B66E /* Release */ = {
			isa = XCBuildConfiguration;
			baseConfigurationReference = 11655B89818BC0AB4E36717F /* Pods-OpeningHours.release.xcconfig */;
			buildSettings = {
				ASSETCATALOG_COMPILER_APPICON_NAME = AppIcon;
				CODE_SIGN_IDENTITY = "iPhone Developer";
				CODE_SIGN_STYLE = Automatic;
				DEVELOPMENT_TEAM = YC775YC6LJ;
				INFOPLIST_FILE = OpeningHours/Resources/Info.plist;
				LD_RUNPATH_SEARCH_PATHS = (
					"$(inherited)",
					"@executable_path/Frameworks",
				);
				PRODUCT_BUNDLE_IDENTIFIER = com.alisoftware.openinghours.OpeningHours;
				PRODUCT_NAME = "$(TARGET_NAME)";
				PROVISIONING_PROFILE_SPECIFIER = "";
				SWIFT_VERSION = 4.2;
				TARGETED_DEVICE_FAMILY = "1,2";
			};
			name = Release;
		};
/* End XCBuildConfiguration section */

/* Begin XCConfigurationList section */
		37EF96AF2131A8320029B66E /* Build configuration list for PBXProject "OpeningHours" */ = {
			isa = XCConfigurationList;
			buildConfigurations = (
				37EF96C62131A8340029B66E /* Debug */,
				37EF96C72131A8340029B66E /* Release */,
			);
			defaultConfigurationIsVisible = 0;
			defaultConfigurationName = Release;
		};
		37EF96C82131A8340029B66E /* Build configuration list for PBXNativeTarget "OpeningHours" */ = {
			isa = XCConfigurationList;
			buildConfigurations = (
				37EF96C92131A8340029B66E /* Debug */,
				37EF96CA2131A8340029B66E /* Release */,
			);
			defaultConfigurationIsVisible = 0;
			defaultConfigurationName = Release;
		};
/* End XCConfigurationList section */
	};
	rootObject = 37EF96AC2131A8320029B66E /* Project object */;
}
